
Microsoft Visual Studio Solution File, Format Version 12.00
# Visual Studio Version 17
VisualStudioVersion = 17.1.32407.343
MinimumVisualStudioVersion = 10.0.40219.1
Project("{FAE04EC0-301F-11D3-BF4B-00C04F79EFBC}") = "WindowsHelloAuthenticator", "WindowsHelloAuthenticator\WindowsHelloAuthenticator.csproj", "{87FA8492-91AD-494E-8C73-207D50990AC4}"
EndProject
Global
	GlobalSection(SolutionConfigurationPlatforms) = preSolution
		Debug|Any CPU = Debug|Any CPU
		Release|Any CPU = Release|Any CPU
	EndGlobalSection
	GlobalSection(ProjectConfigurationPlatforms) = postSolution
		{87FA8492-91AD-494E-8C73-207D50990AC4}.Debug|Any CPU.ActiveCfg = Debug|Any CPU
		{87FA8492-91AD-494E-8C73-207D50990AC4}.Debug|Any CPU.Build.0 = Debug|Any CPU
		{87FA8492-91AD-494E-8C73-207D50990AC4}.Release|Any CPU.ActiveCfg = Release|Any CPU
		{87FA8492-91AD-494E-8C73-207D50990AC4}.Release|Any CPU.Build.0 = Release|Any CPU
	EndGlobalSection
	GlobalSection(SolutionProperties) = preSolution
		HideSolutionNode = FALSE
	EndGlobalSection
	GlobalSection(ExtensibilityGlobals) = postSolution
		SolutionGuid = {30A60B35-55E3-4736-8140-6CD26268231F}
	EndGlobalSection
EndGlobal
